{
	"name": "@borger/event_dispatcher",
	"lockfileVersion": 3,
	"requires": true,
	"packages": {
		"": {
			"name": "@borger/event_dispatcher",
			"dependencies": {
				"@borger/plugin_sdk": "file:../sdk/ts"
			}
		},
		"../sdk/ts": {
			"name": "@borger/plugin_sdk"
		},
		"node_modules/@borger/plugin_sdk": {
			"resolved": "../sdk/ts",
			"link": true
		}
	}
}
